
Microsoft Visual Studio Solution File, Format Version 12.00
Project("{FAE04EC0-301F-11D3-BF4B-00C04F79EFBC}") = "BuilderPattern", "BuilderPattern\BuilderPattern.csproj", "{9CF7665E-415B-4FAE-A49C-050673F61F4D}"
EndProject
Project("{FAE04EC0-301F-11D3-BF4B-00C04F79EFBC}") = "Singleton", "Singleton\Singleton.csproj", "{BD0B1EE6-061F-4590-B7F6-CBC764A06573}"
EndProject
Global
	GlobalSection(SolutionConfigurationPlatforms) = preSolution
		Debug|Any CPU = Debug|Any CPU
		Release|Any CPU = Release|Any CPU
	EndGlobalSection
	GlobalSection(ProjectConfigurationPlatforms) = postSolution
		{9CF7665E-415B-4FAE-A49C-050673F61F4D}.Debug|Any CPU.ActiveCfg = Debug|Any CPU
		{9CF7665E-415B-4FAE-A49C-050673F61F4D}.Debug|Any CPU.Build.0 = Debug|Any CPU
		{9CF7665E-415B-4FAE-A49C-050673F61F4D}.Release|Any CPU.ActiveCfg = Release|Any CPU
		{9CF7665E-415B-4FAE-A49C-050673F61F4D}.Release|Any CPU.Build.0 = Release|Any CPU
		{BD0B1EE6-061F-4590-B7F6-CBC764A06573}.Debug|Any CPU.ActiveCfg = Debug|Any CPU
		{BD0B1EE6-061F-4590-B7F6-CBC764A06573}.Debug|Any CPU.Build.0 = Debug|Any CPU
		{BD0B1EE6-061F-4590-B7F6-CBC764A06573}.Release|Any CPU.ActiveCfg = Release|Any CPU
		{BD0B1EE6-061F-4590-B7F6-CBC764A06573}.Release|Any CPU.Build.0 = Release|Any CPU
	EndGlobalSection
EndGlobal
